
Microsoft Visual Studio Solution File, Format Version 12.00
# Visual Studio Version 17
VisualStudioVersion = 17.8.34408.163
MinimumVisualStudioVersion = 10.0.40219.1
Project("{FAE04EC0-301F-11D3-BF4B-00C04F79EFBC}") = "clinicPractice", "clinicPractice\clinicPractice.csproj", "{50F5723C-8354-4C84-84B0-32D0A38FA7A6}"
EndProject
Global
	GlobalSection(SolutionConfigurationPlatforms) = preSolution
		Debug|Any CPU = Debug|Any CPU
		Release|Any CPU = Release|Any CPU
	EndGlobalSection
	GlobalSection(ProjectConfigurationPlatforms) = postSolution
		{50F5723C-8354-4C84-84B0-32D0A38FA7A6}.Debug|Any CPU.ActiveCfg = Debug|Any CPU
		{50F5723C-8354-4C84-84B0-32D0A38FA7A6}.Debug|Any CPU.Build.0 = Debug|Any CPU
		{50F5723C-8354-4C84-84B0-32D0A38FA7A6}.Release|Any CPU.ActiveCfg = Release|Any CPU
		{50F5723C-8354-4C84-84B0-32D0A38FA7A6}.Release|Any CPU.Build.0 = Release|Any CPU
	EndGlobalSection
	GlobalSection(SolutionProperties) = preSolution
		HideSolutionNode = FALSE
	EndGlobalSection
	GlobalSection(ExtensibilityGlobals) = postSolution
		SolutionGuid = {4AAE9053-685C-4495-A8F0-7D2A8B200B1C}
	EndGlobalSection
EndGlobal
